
Microsoft Visual Studio Solution File, Format Version 12.00
# Visual Studio Version 17
VisualStudioVersion = 17.5.002.0
MinimumVisualStudioVersion = 10.0.40219.1
Project("{9A19103F-16F7-4668-BE54-9A1E7A4F7556}") = "ClockClass", "ClockClass\ClockClass.csproj", "{9E1804AF-6F23-4110-933A-E7DD2CE19517}"
EndProject
Project("{9A19103F-16F7-4668-BE54-9A1E7A4F7556}") = "ClockClass.Tests", "ClockClass.Tests\ClockClass.Tests.csproj", "{C34F80F2-4873-4CC4-9C64-AEF9B7DF839C}"
EndProject
Global
	GlobalSection(SolutionConfigurationPlatforms) = preSolution
		Debug|Any CPU = Debug|Any CPU
		Release|Any CPU = Release|Any CPU
	EndGlobalSection
	GlobalSection(ProjectConfigurationPlatforms) = postSolution
		{9E1804AF-6F23-4110-933A-E7DD2CE19517}.Debug|Any CPU.ActiveCfg = Debug|Any CPU
		{9E1804AF-6F23-4110-933A-E7DD2CE19517}.Debug|Any CPU.Build.0 = Debug|Any CPU
		{9E1804AF-6F23-4110-933A-E7DD2CE19517}.Release|Any CPU.ActiveCfg = Release|Any CPU
		{9E1804AF-6F23-4110-933A-E7DD2CE19517}.Release|Any CPU.Build.0 = Release|Any CPU
		{C34F80F2-4873-4CC4-9C64-AEF9B7DF839C}.Debug|Any CPU.ActiveCfg = Debug|Any CPU
		{C34F80F2-4873-4CC4-9C64-AEF9B7DF839C}.Debug|Any CPU.Build.0 = Debug|Any CPU
		{C34F80F2-4873-4CC4-9C64-AEF9B7DF839C}.Release|Any CPU.ActiveCfg = Release|Any CPU
		{C34F80F2-4873-4CC4-9C64-AEF9B7DF839C}.Release|Any CPU.Build.0 = Release|Any CPU
	EndGlobalSection
	GlobalSection(SolutionProperties) = preSolution
		HideSolutionNode = FALSE
	EndGlobalSection
	GlobalSection(ExtensibilityGlobals) = postSolution
		SolutionGuid = {CDD323CA-0D0A-4FED-A233-15164C4EED57}
	EndGlobalSection
EndGlobal
